
Microsoft Visual Studio Solution File, Format Version 12.00
# Visual Studio 15
VisualStudioVersion = 15.0.28010.2016
MinimumVisualStudioVersion = 10.0.40219.1
Project("{FAE04EC0-301F-11D3-BF4B-00C04F79EFBC}") = "DatingApp", "DatingApp\DatingApp.csproj", "{F8F8C925-E3EA-48E6-9689-1DE0D4F5F423}"
EndProject
Global
	GlobalSection(SolutionConfigurationPlatforms) = preSolution
		Debug|Any CPU = Debug|Any CPU
		Release|Any CPU = Release|Any CPU
	EndGlobalSection
	GlobalSection(ProjectConfigurationPlatforms) = postSolution
		{F8F8C925-E3EA-48E6-9689-1DE0D4F5F423}.Debug|Any CPU.ActiveCfg = Debug|Any CPU
		{F8F8C925-E3EA-48E6-9689-1DE0D4F5F423}.Debug|Any CPU.Build.0 = Debug|Any CPU
		{F8F8C925-E3EA-48E6-9689-1DE0D4F5F423}.Release|Any CPU.ActiveCfg = Release|Any CPU
		{F8F8C925-E3EA-48E6-9689-1DE0D4F5F423}.Release|Any CPU.Build.0 = Release|Any CPU
	EndGlobalSection
	GlobalSection(SolutionProperties) = preSolution
		HideSolutionNode = FALSE
	EndGlobalSection
	GlobalSection(ExtensibilityGlobals) = postSolution
		SolutionGuid = {18A130F9-026C-4430-8577-CAE9D50B7CDB}
	EndGlobalSection
EndGlobal
